
Microsoft Visual Studio Solution File, Format Version 12.00
# Visual Studio Version 16
VisualStudioVersion = 16.0.29215.179
MinimumVisualStudioVersion = 10.0.40219.1
Project("{FAE04EC0-301F-11D3-BF4B-00C04F79EFBC}") = "A", "HW4\A.csproj", "{5712BCA8-4C29-4D11-88FE-0C2C514AB319}"
EndProject
Project("{FAE04EC0-301F-11D3-BF4B-00C04F79EFBC}") = "B", "B\B.csproj", "{E07A5DAB-6670-4FF6-A059-01D9491357C6}"
EndProject
Project("{FAE04EC0-301F-11D3-BF4B-00C04F79EFBC}") = "B1.1a", "B1\B1.1a.csproj", "{2D06599E-DE80-40E9-BC62-6E1792AE1029}"
EndProject
Project("{FAE04EC0-301F-11D3-BF4B-00C04F79EFBC}") = "B1.1b", "B1b\B1.1b.csproj", "{56512F90-6B3E-4B59-B1C0-4E238F0C2667}"
EndProject
Project("{FAE04EC0-301F-11D3-BF4B-00C04F79EFBC}") = "B1.1c", "B1c\B1.1c.csproj", "{A061D316-C1E8-4161-AE57-5E92A2D275FB}"
EndProject
Project("{FAE04EC0-301F-11D3-BF4B-00C04F79EFBC}") = "B1.2a", "B2\B1.2a.csproj", "{35399644-1589-4A27-8C00-8D6B3B76CB84}"
EndProject
Project("{FAE04EC0-301F-11D3-BF4B-00C04F79EFBC}") = "B1.2b", "B1.2b\B1.2b.csproj", "{8DEBDB9A-DAE5-488E-B061-A2EA0F8C4D41}"
EndProject
Project("{FAE04EC0-301F-11D3-BF4B-00C04F79EFBC}") = "B2.3a", "B2.3a\B2.3a.csproj", "{452672AB-BE23-428F-9907-820FD5277AE9}"
EndProject
Project("{FAE04EC0-301F-11D3-BF4B-00C04F79EFBC}") = "B2.3", "B2.3\B2.3.csproj", "{B59DEEC3-AAD4-48C5-B4B5-CCEED0F741E3}"
EndProject
Project("{FAE04EC0-301F-11D3-BF4B-00C04F79EFBC}") = "B2.3b", "B2.3b\B2.3b.csproj", "{E7B9A841-F9E3-45FC-88EA-9A4714A893BE}"
EndProject
Project("{FAE04EC0-301F-11D3-BF4B-00C04F79EFBC}") = "B2.3c", "B2.3c\B2.3c.csproj", "{2F13453D-54AD-4E62-A146-0B6385936085}"
EndProject
Project("{FAE04EC0-301F-11D3-BF4B-00C04F79EFBC}") = "B2.4a", "B2.4a\B2.4a.csproj", "{ABA01FDD-390A-48C3-BD44-39FD47011C16}"
EndProject
Project("{FAE04EC0-301F-11D3-BF4B-00C04F79EFBC}") = "C", "C6\C.csproj", "{5E00DA82-FEFF-4FF5-A9D3-BAB7AA3C4E6C}"
EndProject
Project("{FAE04EC0-301F-11D3-BF4B-00C04F79EFBC}") = "B2.4b", "B2.4b\B2.4b.csproj", "{D729C514-1D7F-4D80-9DFC-21F4B5D0C044}"
EndProject
Project("{FAE04EC0-301F-11D3-BF4B-00C04F79EFBC}") = "B2.4c", "B2.4c\B2.4c.csproj", "{26A18B6B-72BB-40C1-BBCE-01F7489CDE5F}"
EndProject
Project("{FAE04EC0-301F-11D3-BF4B-00C04F79EFBC}") = "B2.4d", "B2.4d\B2.4d.csproj", "{A76D66A4-DF5A-4CCB-AE60-BE0AE1D373EB}"
EndProject
Project("{FAE04EC0-301F-11D3-BF4B-00C04F79EFBC}") = "B2.5a", "B2.5a\B2.5a.csproj", "{E8FB4313-B783-4B18-8967-0DC311286FDA}"
EndProject
Project("{FAE04EC0-301F-11D3-BF4B-00C04F79EFBC}") = "B2.5b", "B2.5b\B2.5b.csproj", "{8FE2CBBF-211E-40A1-9299-79329B248182}"
EndProject
Project("{FAE04EC0-301F-11D3-BF4B-00C04F79EFBC}") = "B2.5c", "B2.5c\B2.5c.csproj", "{61444791-B8B1-4C62-A993-B1D2602ADC74}"
EndProject
Global
	GlobalSection(SolutionConfigurationPlatforms) = preSolution
		Debug|Any CPU = Debug|Any CPU
		Release|Any CPU = Release|Any CPU
	EndGlobalSection
	GlobalSection(ProjectConfigurationPlatforms) = postSolution
		{5712BCA8-4C29-4D11-88FE-0C2C514AB319}.Debug|Any CPU.ActiveCfg = Debug|Any CPU
		{5712BCA8-4C29-4D11-88FE-0C2C514AB319}.Debug|Any CPU.Build.0 = Debug|Any CPU
		{5712BCA8-4C29-4D11-88FE-0C2C514AB319}.Release|Any CPU.ActiveCfg = Release|Any CPU
		{5712BCA8-4C29-4D11-88FE-0C2C514AB319}.Release|Any CPU.Build.0 = Release|Any CPU
		{E07A5DAB-6670-4FF6-A059-01D9491357C6}.Debug|Any CPU.ActiveCfg = Debug|Any CPU
		{E07A5DAB-6670-4FF6-A059-01D9491357C6}.Debug|Any CPU.Build.0 = Debug|Any CPU
		{E07A5DAB-6670-4FF6-A059-01D9491357C6}.Release|Any CPU.ActiveCfg = Release|Any CPU
		{E07A5DAB-6670-4FF6-A059-01D9491357C6}.Release|Any CPU.Build.0 = Release|Any CPU
		{2D06599E-DE80-40E9-BC62-6E1792AE1029}.Debug|Any CPU.ActiveCfg = Debug|Any CPU
		{2D06599E-DE80-40E9-BC62-6E1792AE1029}.Debug|Any CPU.Build.0 = Debug|Any CPU
		{2D06599E-DE80-40E9-BC62-6E1792AE1029}.Release|Any CPU.ActiveCfg = Release|Any CPU
		{2D06599E-DE80-40E9-BC62-6E1792AE1029}.Release|Any CPU.Build.0 = Release|Any CPU
		{56512F90-6B3E-4B59-B1C0-4E238F0C2667}.Debug|Any CPU.ActiveCfg = Debug|Any CPU
		{56512F90-6B3E-4B59-B1C0-4E238F0C2667}.Debug|Any CPU.Build.0 = Debug|Any CPU
		{56512F90-6B3E-4B59-B1C0-4E238F0C2667}.Release|Any CPU.ActiveCfg = Release|Any CPU
		{56512F90-6B3E-4B59-B1C0-4E238F0C2667}.Release|Any CPU.Build.0 = Release|Any CPU
		{A061D316-C1E8-4161-AE57-5E92A2D275FB}.Debug|Any CPU.ActiveCfg = Debug|Any CPU
		{A061D316-C1E8-4161-AE57-5E92A2D275FB}.Debug|Any CPU.Build.0 = Debug|Any CPU
		{A061D316-C1E8-4161-AE57-5E92A2D275FB}.Release|Any CPU.ActiveCfg = Release|Any CPU
		{A061D316-C1E8-4161-AE57-5E92A2D275FB}.Release|Any CPU.Build.0 = Release|Any CPU
		{35399644-1589-4A27-8C00-8D6B3B76CB84}.Debug|Any CPU.ActiveCfg = Debug|Any CPU
		{35399644-1589-4A27-8C00-8D6B3B76CB84}.Debug|Any CPU.Build.0 = Debug|Any CPU
		{35399644-1589-4A27-8C00-8D6B3B76CB84}.Release|Any CPU.ActiveCfg = Release|Any CPU
		{35399644-1589-4A27-8C00-8D6B3B76CB84}.Release|Any CPU.Build.0 = Release|Any CPU
		{8DEBDB9A-DAE5-488E-B061-A2EA0F8C4D41}.Debug|Any CPU.ActiveCfg = Debug|Any CPU
		{8DEBDB9A-DAE5-488E-B061-A2EA0F8C4D41}.Debug|Any CPU.Build.0 = Debug|Any CPU
		{8DEBDB9A-DAE5-488E-B061-A2EA0F8C4D41}.Release|Any CPU.ActiveCfg = Release|Any CPU
		{8DEBDB9A-DAE5-488E-B061-A2EA0F8C4D41}.Release|Any CPU.Build.0 = Release|Any CPU
		{452672AB-BE23-428F-9907-820FD5277AE9}.Debug|Any CPU.ActiveCfg = Debug|Any CPU
		{452672AB-BE23-428F-9907-820FD5277AE9}.Debug|Any CPU.Build.0 = Debug|Any CPU
		{452672AB-BE23-428F-9907-820FD5277AE9}.Release|Any CPU.ActiveCfg = Release|Any CPU
		{452672AB-BE23-428F-9907-820FD5277AE9}.Release|Any CPU.Build.0 = Release|Any CPU
		{B59DEEC3-AAD4-48C5-B4B5-CCEED0F741E3}.Debug|Any CPU.ActiveCfg = Debug|Any CPU
		{B59DEEC3-AAD4-48C5-B4B5-CCEED0F741E3}.Debug|Any CPU.Build.0 = Debug|Any CPU
		{B59DEEC3-AAD4-48C5-B4B5-CCEED0F741E3}.Release|Any CPU.ActiveCfg = Release|Any CPU
		{B59DEEC3-AAD4-48C5-B4B5-CCEED0F741E3}.Release|Any CPU.Build.0 = Release|Any CPU
		{E7B9A841-F9E3-45FC-88EA-9A4714A893BE}.Debug|Any CPU.ActiveCfg = Debug|Any CPU
		{E7B9A841-F9E3-45FC-88EA-9A4714A893BE}.Debug|Any CPU.Build.0 = Debug|Any CPU
		{E7B9A841-F9E3-45FC-88EA-9A4714A893BE}.Release|Any CPU.ActiveCfg = Release|Any CPU
		{E7B9A841-F9E3-45FC-88EA-9A4714A893BE}.Release|Any CPU.Build.0 = Release|Any CPU
		{2F13453D-54AD-4E62-A146-0B6385936085}.Debug|Any CPU.ActiveCfg = Debug|Any CPU
		{2F13453D-54AD-4E62-A146-0B6385936085}.Debug|Any CPU.Build.0 = Debug|Any CPU
		{2F13453D-54AD-4E62-A146-0B6385936085}.Release|Any CPU.ActiveCfg = Release|Any CPU
		{2F13453D-54AD-4E62-A146-0B6385936085}.Release|Any CPU.Build.0 = Release|Any CPU
		{ABA01FDD-390A-48C3-BD44-39FD47011C16}.Debug|Any CPU.ActiveCfg = Debug|Any CPU
		{ABA01FDD-390A-48C3-BD44-39FD47011C16}.Debug|Any CPU.Build.0 = Debug|Any CPU
		{ABA01FDD-390A-48C3-BD44-39FD47011C16}.Release|Any CPU.ActiveCfg = Release|Any CPU
		{ABA01FDD-390A-48C3-BD44-39FD47011C16}.Release|Any CPU.Build.0 = Release|Any CPU
		{5E00DA82-FEFF-4FF5-A9D3-BAB7AA3C4E6C}.Debug|Any CPU.ActiveCfg = Debug|Any CPU
		{5E00DA82-FEFF-4FF5-A9D3-BAB7AA3C4E6C}.Debug|Any CPU.Build.0 = Debug|Any CPU
		{5E00DA82-FEFF-4FF5-A9D3-BAB7AA3C4E6C}.Release|Any CPU.ActiveCfg = Release|Any CPU
		{5E00DA82-FEFF-4FF5-A9D3-BAB7AA3C4E6C}.Release|Any CPU.Build.0 = Release|Any CPU
		{D729C514-1D7F-4D80-9DFC-21F4B5D0C044}.Debug|Any CPU.ActiveCfg = Debug|Any CPU
		{D729C514-1D7F-4D80-9DFC-21F4B5D0C044}.Debug|Any CPU.Build.0 = Debug|Any CPU
		{D729C514-1D7F-4D80-9DFC-21F4B5D0C044}.Release|Any CPU.ActiveCfg = Release|Any CPU
		{D729C514-1D7F-4D80-9DFC-21F4B5D0C044}.Release|Any CPU.Build.0 = Release|Any CPU
		{26A18B6B-72BB-40C1-BBCE-01F7489CDE5F}.Debug|Any CPU.ActiveCfg = Debug|Any CPU
		{26A18B6B-72BB-40C1-BBCE-01F7489CDE5F}.Debug|Any CPU.Build.0 = Debug|Any CPU
		{26A18B6B-72BB-40C1-BBCE-01F7489CDE5F}.Release|Any CPU.ActiveCfg = Release|Any CPU
		{26A18B6B-72BB-40C1-BBCE-01F7489CDE5F}.Release|Any CPU.Build.0 = Release|Any CPU
		{A76D66A4-DF5A-4CCB-AE60-BE0AE1D373EB}.Debug|Any CPU.ActiveCfg = Debug|Any CPU
		{A76D66A4-DF5A-4CCB-AE60-BE0AE1D373EB}.Debug|Any CPU.Build.0 = Debug|Any CPU
		{A76D66A4-DF5A-4CCB-AE60-BE0AE1D373EB}.Release|Any CPU.ActiveCfg = Release|Any CPU
		{A76D66A4-DF5A-4CCB-AE60-BE0AE1D373EB}.Release|Any CPU.Build.0 = Release|Any CPU
		{E8FB4313-B783-4B18-8967-0DC311286FDA}.Debug|Any CPU.ActiveCfg = Debug|Any CPU
		{E8FB4313-B783-4B18-8967-0DC311286FDA}.Debug|Any CPU.Build.0 = Debug|Any CPU
		{E8FB4313-B783-4B18-8967-0DC311286FDA}.Release|Any CPU.ActiveCfg = Release|Any CPU
		{E8FB4313-B783-4B18-8967-0DC311286FDA}.Release|Any CPU.Build.0 = Release|Any CPU
		{8FE2CBBF-211E-40A1-9299-79329B248182}.Debug|Any CPU.ActiveCfg = Debug|Any CPU
		{8FE2CBBF-211E-40A1-9299-79329B248182}.Debug|Any CPU.Build.0 = Debug|Any CPU
		{8FE2CBBF-211E-40A1-9299-79329B248182}.Release|Any CPU.ActiveCfg = Release|Any CPU
		{8FE2CBBF-211E-40A1-9299-79329B248182}.Release|Any CPU.Build.0 = Release|Any CPU
		{61444791-B8B1-4C62-A993-B1D2602ADC74}.Debug|Any CPU.ActiveCfg = Debug|Any CPU
		{61444791-B8B1-4C62-A993-B1D2602ADC74}.Debug|Any CPU.Build.0 = Debug|Any CPU
		{61444791-B8B1-4C62-A993-B1D2602ADC74}.Release|Any CPU.ActiveCfg = Release|Any CPU
		{61444791-B8B1-4C62-A993-B1D2602ADC74}.Release|Any CPU.Build.0 = Release|Any CPU
	EndGlobalSection
	GlobalSection(SolutionProperties) = preSolution
		HideSolutionNode = FALSE
	EndGlobalSection
	GlobalSection(ExtensibilityGlobals) = postSolution
		SolutionGuid = {98DCB50D-44C7-4490-9B7C-02B07E416A10}
	EndGlobalSection
EndGlobal
