
Microsoft Visual Studio Solution File, Format Version 12.00
# Visual Studio Version 16
VisualStudioVersion = 16.0.29215.179
MinimumVisualStudioVersion = 10.0.40219.1
Project("{FAE04EC0-301F-11D3-BF4B-00C04F79EFBC}") = "B", "HW5\B.csproj", "{28F7E4C6-4B19-4A8B-8136-DD33F03B18C1}"
EndProject
Project("{FAE04EC0-301F-11D3-BF4B-00C04F79EFBC}") = "C.1", "C.1\C.1.csproj", "{0E524DED-BEA7-4B75-9A51-4E9DF4BAB617}"
EndProject
Project("{FAE04EC0-301F-11D3-BF4B-00C04F79EFBC}") = "C.2", "C.2\C.2.csproj", "{DC14E541-FBFB-406F-881F-BC226AE36209}"
EndProject
Global
	GlobalSection(SolutionConfigurationPlatforms) = preSolution
		Debug|Any CPU = Debug|Any CPU
		Release|Any CPU = Release|Any CPU
	EndGlobalSection
	GlobalSection(ProjectConfigurationPlatforms) = postSolution
		{28F7E4C6-4B19-4A8B-8136-DD33F03B18C1}.Debug|Any CPU.ActiveCfg = Debug|Any CPU
		{28F7E4C6-4B19-4A8B-8136-DD33F03B18C1}.Debug|Any CPU.Build.0 = Debug|Any CPU
		{28F7E4C6-4B19-4A8B-8136-DD33F03B18C1}.Release|Any CPU.ActiveCfg = Release|Any CPU
		{28F7E4C6-4B19-4A8B-8136-DD33F03B18C1}.Release|Any CPU.Build.0 = Release|Any CPU
		{0E524DED-BEA7-4B75-9A51-4E9DF4BAB617}.Debug|Any CPU.ActiveCfg = Debug|Any CPU
		{0E524DED-BEA7-4B75-9A51-4E9DF4BAB617}.Debug|Any CPU.Build.0 = Debug|Any CPU
		{0E524DED-BEA7-4B75-9A51-4E9DF4BAB617}.Release|Any CPU.ActiveCfg = Release|Any CPU
		{0E524DED-BEA7-4B75-9A51-4E9DF4BAB617}.Release|Any CPU.Build.0 = Release|Any CPU
		{DC14E541-FBFB-406F-881F-BC226AE36209}.Debug|Any CPU.ActiveCfg = Debug|Any CPU
		{DC14E541-FBFB-406F-881F-BC226AE36209}.Debug|Any CPU.Build.0 = Debug|Any CPU
		{DC14E541-FBFB-406F-881F-BC226AE36209}.Release|Any CPU.ActiveCfg = Release|Any CPU
		{DC14E541-FBFB-406F-881F-BC226AE36209}.Release|Any CPU.Build.0 = Release|Any CPU
	EndGlobalSection
	GlobalSection(SolutionProperties) = preSolution
		HideSolutionNode = FALSE
	EndGlobalSection
	GlobalSection(ExtensibilityGlobals) = postSolution
		SolutionGuid = {A0C551AA-1363-46CB-B755-A7309B3C0FF5}
	EndGlobalSection
EndGlobal
